
Microsoft Visual Studio Solution File, Format Version 12.00
# Visual Studio Version 17
VisualStudioVersion = 17.10.35122.118
MinimumVisualStudioVersion = 10.0.40219.1
Project("{9A19103F-16F7-4668-BE54-9A1E7A4F7556}") = "My Project CRM", "My Project CRM\My Project CRM.csproj", "{1C5D274F-5A99-4C61-A6B3-02089CBD0EF4}"
EndProject
Project("{FAE04EC0-301F-11D3-BF4B-00C04F79EFBC}") = "BusinessLogicLayer", "BusinessLogicLayer\BusinessLogicLayer.csproj", "{E9628FFD-3198-49D1-A221-CFE294660514}"
EndProject
Project("{FAE04EC0-301F-11D3-BF4B-00C04F79EFBC}") = "DataAccessLayer", "DataAccessLayer\DataAccessLayer.csproj", "{34055B36-227F-4C5B-8CCD-789397F62E1D}"
EndProject
Project("{2150E333-8FDC-42A3-9474-1A3956D46DE8}") = "Src", "Src", "{32AE907D-488B-45D1-94BE-F81AB004C79E}"
EndProject
Project("{2150E333-8FDC-42A3-9474-1A3956D46DE8}") = "Library", "Library", "{7CAD51A2-0A45-4175-8175-89D739B9A9DE}"
EndProject
Project("{FAE04EC0-301F-11D3-BF4B-00C04F79EFBC}") = "Library", "Library\Library.csproj", "{E4463F8C-3696-4838-8136-58F84D30FE2D}"
EndProject
Project("{FAE04EC0-301F-11D3-BF4B-00C04F79EFBC}") = "Model", "Model\Model.csproj", "{66409AFA-3C3D-4DA0-8EF8-A85D30DF63B2}"
EndProject
Project("{FAE04EC0-301F-11D3-BF4B-00C04F79EFBC}") = "DTO", "DTO\DTO.csproj", "{269E1DF5-CF9F-4777-8C8D-DC28F7588B1B}"
EndProject
Global
	GlobalSection(SolutionConfigurationPlatforms) = preSolution
		Debug|Any CPU = Debug|Any CPU
		Release|Any CPU = Release|Any CPU
	EndGlobalSection
	GlobalSection(ProjectConfigurationPlatforms) = postSolution
		{1C5D274F-5A99-4C61-A6B3-02089CBD0EF4}.Debug|Any CPU.ActiveCfg = Debug|Any CPU
		{1C5D274F-5A99-4C61-A6B3-02089CBD0EF4}.Debug|Any CPU.Build.0 = Debug|Any CPU
		{1C5D274F-5A99-4C61-A6B3-02089CBD0EF4}.Release|Any CPU.ActiveCfg = Release|Any CPU
		{1C5D274F-5A99-4C61-A6B3-02089CBD0EF4}.Release|Any CPU.Build.0 = Release|Any CPU
		{E9628FFD-3198-49D1-A221-CFE294660514}.Debug|Any CPU.ActiveCfg = Debug|Any CPU
		{E9628FFD-3198-49D1-A221-CFE294660514}.Debug|Any CPU.Build.0 = Debug|Any CPU
		{E9628FFD-3198-49D1-A221-CFE294660514}.Release|Any CPU.ActiveCfg = Release|Any CPU
		{E9628FFD-3198-49D1-A221-CFE294660514}.Release|Any CPU.Build.0 = Release|Any CPU
		{34055B36-227F-4C5B-8CCD-789397F62E1D}.Debug|Any CPU.ActiveCfg = Debug|Any CPU
		{34055B36-227F-4C5B-8CCD-789397F62E1D}.Debug|Any CPU.Build.0 = Debug|Any CPU
		{34055B36-227F-4C5B-8CCD-789397F62E1D}.Release|Any CPU.ActiveCfg = Release|Any CPU
		{34055B36-227F-4C5B-8CCD-789397F62E1D}.Release|Any CPU.Build.0 = Release|Any CPU
		{E4463F8C-3696-4838-8136-58F84D30FE2D}.Debug|Any CPU.ActiveCfg = Debug|Any CPU
		{E4463F8C-3696-4838-8136-58F84D30FE2D}.Debug|Any CPU.Build.0 = Debug|Any CPU
		{E4463F8C-3696-4838-8136-58F84D30FE2D}.Release|Any CPU.ActiveCfg = Release|Any CPU
		{E4463F8C-3696-4838-8136-58F84D30FE2D}.Release|Any CPU.Build.0 = Release|Any CPU
		{66409AFA-3C3D-4DA0-8EF8-A85D30DF63B2}.Debug|Any CPU.ActiveCfg = Debug|Any CPU
		{66409AFA-3C3D-4DA0-8EF8-A85D30DF63B2}.Debug|Any CPU.Build.0 = Debug|Any CPU
		{66409AFA-3C3D-4DA0-8EF8-A85D30DF63B2}.Release|Any CPU.ActiveCfg = Release|Any CPU
		{66409AFA-3C3D-4DA0-8EF8-A85D30DF63B2}.Release|Any CPU.Build.0 = Release|Any CPU
		{269E1DF5-CF9F-4777-8C8D-DC28F7588B1B}.Debug|Any CPU.ActiveCfg = Debug|Any CPU
		{269E1DF5-CF9F-4777-8C8D-DC28F7588B1B}.Debug|Any CPU.Build.0 = Debug|Any CPU
		{269E1DF5-CF9F-4777-8C8D-DC28F7588B1B}.Release|Any CPU.ActiveCfg = Release|Any CPU
		{269E1DF5-CF9F-4777-8C8D-DC28F7588B1B}.Release|Any CPU.Build.0 = Release|Any CPU
	EndGlobalSection
	GlobalSection(SolutionProperties) = preSolution
		HideSolutionNode = FALSE
	EndGlobalSection
	GlobalSection(NestedProjects) = preSolution
		{E9628FFD-3198-49D1-A221-CFE294660514} = {32AE907D-488B-45D1-94BE-F81AB004C79E}
		{34055B36-227F-4C5B-8CCD-789397F62E1D} = {32AE907D-488B-45D1-94BE-F81AB004C79E}
		{7CAD51A2-0A45-4175-8175-89D739B9A9DE} = {32AE907D-488B-45D1-94BE-F81AB004C79E}
		{E4463F8C-3696-4838-8136-58F84D30FE2D} = {7CAD51A2-0A45-4175-8175-89D739B9A9DE}
		{66409AFA-3C3D-4DA0-8EF8-A85D30DF63B2} = {7CAD51A2-0A45-4175-8175-89D739B9A9DE}
		{269E1DF5-CF9F-4777-8C8D-DC28F7588B1B} = {7CAD51A2-0A45-4175-8175-89D739B9A9DE}
	EndGlobalSection
	GlobalSection(ExtensibilityGlobals) = postSolution
		SolutionGuid = {DEF4DC6D-C838-4A69-9F7C-A33F9A26EE56}
	EndGlobalSection
EndGlobal
